
Microsoft Visual Studio Solution File, Format Version 12.00
# Visual Studio Version 16
VisualStudioVersion = 16.0.32510.428
MinimumVisualStudioVersion = 10.0.40219.1
Project("{FAE04EC0-301F-11D3-BF4B-00C04F79EFBC}") = "NHibernateSoftDelete", "NHibernateSoftDelete\NHibernateSoftDelete.csproj", "{32C91A68-A601-491E-BDE6-5FC6DF3968EF}"
EndProject
Global
	GlobalSection(SolutionConfigurationPlatforms) = preSolution
		Debug|Any CPU = Debug|Any CPU
		Release|Any CPU = Release|Any CPU
	EndGlobalSection
	GlobalSection(ProjectConfigurationPlatforms) = postSolution
		{32C91A68-A601-491E-BDE6-5FC6DF3968EF}.Debug|Any CPU.ActiveCfg = Debug|Any CPU
		{32C91A68-A601-491E-BDE6-5FC6DF3968EF}.Debug|Any CPU.Build.0 = Debug|Any CPU
		{32C91A68-A601-491E-BDE6-5FC6DF3968EF}.Release|Any CPU.ActiveCfg = Release|Any CPU
		{32C91A68-A601-491E-BDE6-5FC6DF3968EF}.Release|Any CPU.Build.0 = Release|Any CPU
	EndGlobalSection
	GlobalSection(SolutionProperties) = preSolution
		HideSolutionNode = FALSE
	EndGlobalSection
	GlobalSection(ExtensibilityGlobals) = postSolution
		SolutionGuid = {F288AC40-0E23-46A0-A444-633E9626D16C}
	EndGlobalSection
EndGlobal
